
Microsoft Visual Studio Solution File, Format Version 12.00
# Visual Studio Version 16
VisualStudioVersion = 16.0.29411.108
MinimumVisualStudioVersion = 10.0.40219.1
Project("{9A19103F-16F7-4668-BE54-9A1E7A4F7556}") = "Repositories", "..\Repository\Repositories.csproj", "{D7DF81E8-4027-480B-820E-966C508B7BD6}"
EndProject
Project("{9A19103F-16F7-4668-BE54-9A1E7A4F7556}") = "alex_krubicki_3Nov19", "alex_krubicki_3Nov19.csproj", "{E294D1E1-49A8-412E-9128-41E1878B94EF}"
EndProject
Project("{2150E333-8FDC-42A3-9474-1A3956D46DE8}") = "ScriptDb", "ScriptDb", "{8D2686CF-9119-401D-83FE-113B1E6464FE}"
	ProjectSection(SolutionItems) = preProject
		..\..\..\Desktop\script.sql = ..\..\..\Desktop\script.sql
	EndProjectSection
EndProject
Global
	GlobalSection(SolutionConfigurationPlatforms) = preSolution
		Debug|Any CPU = Debug|Any CPU
		Release|Any CPU = Release|Any CPU
	EndGlobalSection
	GlobalSection(ProjectConfigurationPlatforms) = postSolution
		{D7DF81E8-4027-480B-820E-966C508B7BD6}.Debug|Any CPU.ActiveCfg = Debug|Any CPU
		{D7DF81E8-4027-480B-820E-966C508B7BD6}.Debug|Any CPU.Build.0 = Debug|Any CPU
		{D7DF81E8-4027-480B-820E-966C508B7BD6}.Release|Any CPU.ActiveCfg = Release|Any CPU
		{D7DF81E8-4027-480B-820E-966C508B7BD6}.Release|Any CPU.Build.0 = Release|Any CPU
		{E294D1E1-49A8-412E-9128-41E1878B94EF}.Debug|Any CPU.ActiveCfg = Debug|Any CPU
		{E294D1E1-49A8-412E-9128-41E1878B94EF}.Debug|Any CPU.Build.0 = Debug|Any CPU
		{E294D1E1-49A8-412E-9128-41E1878B94EF}.Release|Any CPU.ActiveCfg = Release|Any CPU
		{E294D1E1-49A8-412E-9128-41E1878B94EF}.Release|Any CPU.Build.0 = Release|Any CPU
	EndGlobalSection
	GlobalSection(SolutionProperties) = preSolution
		HideSolutionNode = FALSE
	EndGlobalSection
	GlobalSection(ExtensibilityGlobals) = postSolution
		SolutionGuid = {1A2CEFE3-9464-4BD6-8DCE-793D5213717D}
	EndGlobalSection
EndGlobal
