
Microsoft Visual Studio Solution File, Format Version 12.00
# Visual Studio Version 16
VisualStudioVersion = 16.0.29411.108
MinimumVisualStudioVersion = 10.0.40219.1
Project("{FAE04EC0-301F-11D3-BF4B-00C04F79EFBC}") = "alex_krubicki_3Nov19", "alex_krubicki_3Nov19.csproj", "{A67379E7-88FB-48EA-8AC8-CFA2DC32B328}"
EndProject
Global
	GlobalSection(SolutionConfigurationPlatforms) = preSolution
		Debug|Any CPU = Debug|Any CPU
		Release|Any CPU = Release|Any CPU
	EndGlobalSection
	GlobalSection(ProjectConfigurationPlatforms) = postSolution
		{A67379E7-88FB-48EA-8AC8-CFA2DC32B328}.Debug|Any CPU.ActiveCfg = Debug|Any CPU
		{A67379E7-88FB-48EA-8AC8-CFA2DC32B328}.Debug|Any CPU.Build.0 = Debug|Any CPU
		{A67379E7-88FB-48EA-8AC8-CFA2DC32B328}.Release|Any CPU.ActiveCfg = Release|Any CPU
		{A67379E7-88FB-48EA-8AC8-CFA2DC32B328}.Release|Any CPU.Build.0 = Release|Any CPU
	EndGlobalSection
	GlobalSection(SolutionProperties) = preSolution
		HideSolutionNode = FALSE
	EndGlobalSection
	GlobalSection(ExtensibilityGlobals) = postSolution
		SolutionGuid = {1A2CEFE3-9464-4BD6-8DCE-793D5213717D}
	EndGlobalSection
EndGlobal
